// !$*UTF8*$!
{
	archiveVersion = 1;
	classes = {
	};
	objectVersion = 46;
	objects = {

/* Begin PBXBuildFile section */
		196AA0A91DF1028300B2FE6E /* AppDelegate.swift in Sources */ = {isa = PBXBuildFile; fileRef = 196AA0A81DF1028300B2FE6E /* AppDelegate.swift */; };
		196AA0AB1DF1028300B2FE6E /* SignInVC.swift in Sources */ = {isa = PBXBuildFile; fileRef = 196AA0AA1DF1028300B2FE6E /* SignInVC.swift */; };
		196AA0AE1DF1028400B2FE6E /* Main.storyboard in Resources */ = {isa = PBXBuildFile; fileRef = 196AA0AC1DF1028400B2FE6E /* Main.storyboard */; };
		196AA0B01DF1028400B2FE6E /* Assets.xcassets in Resources */ = {isa = PBXBuildFile; fileRef = 196AA0AF1DF1028400B2FE6E /* Assets.xcassets */; };
		196AA0B31DF1028400B2FE6E /* LaunchScreen.storyboard in Resources */ = {isa = PBXBuildFile; fileRef = 196AA0B11DF1028400B2FE6E /* LaunchScreen.storyboard */; };
		196AA0BB1DF1030700B2FE6E /* GoogleService-Info.plist in Resources */ = {isa = PBXBuildFile; fileRef = 196AA0BA1DF1030700B2FE6E /* GoogleService-Info.plist */; };
		196AA0C11DF10D7800B2FE6E /* RoundedCornersAndShadow.swift in Sources */ = {isa = PBXBuildFile; fileRef = 196AA0C01DF10D7800B2FE6E /* RoundedCornersAndShadow.swift */; };
		196AA0C31DF10DFD00B2FE6E /* Constants.swift in Sources */ = {isa = PBXBuildFile; fileRef = 196AA0C21DF10DFD00B2FE6E /* Constants.swift */; };
		196AA0C51DF1143200B2FE6E /* InterestsVC.swift in Sources */ = {isa = PBXBuildFile; fileRef = 196AA0C41DF1143200B2FE6E /* InterestsVC.swift */; };
		196AA0C71DF11A7B00B2FE6E /* FancyField.swift in Sources */ = {isa = PBXBuildFile; fileRef = 196AA0C61DF11A7B00B2FE6E /* FancyField.swift */; };
		196AA0C91DF1306200B2FE6E /* ParticipationVC.swift in Sources */ = {isa = PBXBuildFile; fileRef = 196AA0C81DF1306200B2FE6E /* ParticipationVC.swift */; };
		196AA0CB1DF134CB00B2FE6E /* OpportunitiesVC.swift in Sources */ = {isa = PBXBuildFile; fileRef = 196AA0CA1DF134CB00B2FE6E /* OpportunitiesVC.swift */; };
		196AA0CD1DF19D0E00B2FE6E /* OpportunitiesTable.swift in Sources */ = {isa = PBXBuildFile; fileRef = 196AA0CC1DF19D0E00B2FE6E /* OpportunitiesTable.swift */; };
		196AA0CF1DF1A1AF00B2FE6E /* DetailedEventVC.swift in Sources */ = {isa = PBXBuildFile; fileRef = 196AA0CE1DF1A1AF00B2FE6E /* DetailedEventVC.swift */; };
		196AA0D11DF1A47800B2FE6E /* ThankYouVC.swift in Sources */ = {isa = PBXBuildFile; fileRef = 196AA0D01DF1A47800B2FE6E /* ThankYouVC.swift */; };
		82517557881F716B45264744 /* Pods_GiveHub.framework in Frameworks */ = {isa = PBXBuildFile; fileRef = 28870C26FCA03EC507B472B4 /* Pods_GiveHub.framework */; };
/* End PBXBuildFile section */

/* Begin PBXFileReference section */
		1806C416DCEA9DBF6E1D99AE /* Pods-GiveHub.debug.xcconfig */ = {isa = PBXFileReference; includeInIndex = 1; lastKnownFileType = text.xcconfig; name = "Pods-GiveHub.debug.xcconfig"; path = "Pods/Target Support Files/Pods-GiveHub/Pods-GiveHub.debug.xcconfig"; sourceTree = "<group>"; };
		196AA0A51DF1028300B2FE6E /* GiveHub.app */ = {isa = PBXFileReference; explicitFileType = wrapper.application; includeInIndex = 0; path = GiveHub.app; sourceTree = BUILT_PRODUCTS_DIR; };
		196AA0A81DF1028300B2FE6E /* AppDelegate.swift */ = {isa = PBXFileReference; lastKnownFileType = sourcecode.swift; path = AppDelegate.swift; sourceTree = "<group>"; };
		196AA0AA1DF1028300B2FE6E /* SignInVC.swift */ = {isa = PBXFileReference; lastKnownFileType = sourcecode.swift; path = SignInVC.swift; sourceTree = "<group>"; };
		196AA0AD1DF1028400B2FE6E /* Base */ = {isa = PBXFileReference; lastKnownFileType = file.storyboard; name = Base; path = Base.lproj/Main.storyboard; sourceTree = "<group>"; };
		196AA0AF1DF1028400B2FE6E /* Assets.xcassets */ = {isa = PBXFileReference; lastKnownFileType = folder.assetcatalog; path = Assets.xcassets; sourceTree = "<group>"; };
		196AA0B21DF1028400B2FE6E /* Base */ = {isa = PBXFileReference; lastKnownFileType = file.storyboard; name = Base; path = Base.lproj/LaunchScreen.storyboard; sourceTree = "<group>"; };
		196AA0B41DF1028400B2FE6E /* Info.plist */ = {isa = PBXFileReference; lastKnownFileType = text.plist.xml; path = Info.plist; sourceTree = "<group>"; };
		196AA0BA1DF1030700B2FE6E /* GoogleService-Info.plist */ = {isa = PBXFileReference; fileEncoding = 4; lastKnownFileType = text.plist.xml; path = "GoogleService-Info.plist"; sourceTree = "<group>"; };
		196AA0C01DF10D7800B2FE6E /* RoundedCornersAndShadow.swift */ = {isa = PBXFileReference; fileEncoding = 4; lastKnownFileType = sourcecode.swift; path = RoundedCornersAndShadow.swift; sourceTree = "<group>"; };
		196AA0C21DF10DFD00B2FE6E /* Constants.swift */ = {isa = PBXFileReference; fileEncoding = 4; lastKnownFileType = sourcecode.swift; path = Constants.swift; sourceTree = "<group>"; };
		196AA0C41DF1143200B2FE6E /* InterestsVC.swift */ = {isa = PBXFileReference; fileEncoding = 4; lastKnownFileType = sourcecode.swift; path = InterestsVC.swift; sourceTree = "<group>"; };
		196AA0C61DF11A7B00B2FE6E /* FancyField.swift */ = {isa = PBXFileReference; fileEncoding = 4; lastKnownFileType = sourcecode.swift; path = FancyField.swift; sourceTree = "<group>"; };
		196AA0C81DF1306200B2FE6E /* ParticipationVC.swift */ = {isa = PBXFileReference; fileEncoding = 4; lastKnownFileType = sourcecode.swift; path = ParticipationVC.swift; sourceTree = "<group>"; };
		196AA0CA1DF134CB00B2FE6E /* OpportunitiesVC.swift */ = {isa = PBXFileReference; fileEncoding = 4; lastKnownFileType = sourcecode.swift; path = OpportunitiesVC.swift; sourceTree = "<group>"; };
		196AA0CC1DF19D0E00B2FE6E /* OpportunitiesTable.swift */ = {isa = PBXFileReference; fileEncoding = 4; lastKnownFileType = sourcecode.swift; path = OpportunitiesTable.swift; sourceTree = "<group>"; };
		196AA0CE1DF1A1AF00B2FE6E /* DetailedEventVC.swift */ = {isa = PBXFileReference; fileEncoding = 4; lastKnownFileType = sourcecode.swift; path = DetailedEventVC.swift; sourceTree = "<group>"; };
		196AA0D01DF1A47800B2FE6E /* ThankYouVC.swift */ = {isa = PBXFileReference; fileEncoding = 4; lastKnownFileType = sourcecode.swift; path = ThankYouVC.swift; sourceTree = "<group>"; };
		28870C26FCA03EC507B472B4 /* Pods_GiveHub.framework */ = {isa = PBXFileReference; explicitFileType = wrapper.framework; includeInIndex = 0; path = Pods_GiveHub.framework; sourceTree = BUILT_PRODUCTS_DIR; };
		4A1938279695DEA22E0D017D /* Pods-GiveHub.release.xcconfig */ = {isa = PBXFileReference; includeInIndex = 1; lastKnownFileType = text.xcconfig; name = "Pods-GiveHub.release.xcconfig"; path = "Pods/Target Support Files/Pods-GiveHub/Pods-GiveHub.release.xcconfig"; sourceTree = "<group>"; };
/* End PBXFileReference section */

/* Begin PBXFrameworksBuildPhase section */
		196AA0A21DF1028300B2FE6E /* Frameworks */ = {
			isa = PBXFrameworksBuildPhase;
			buildActionMask = 2147483647;
			files = (
				82517557881F716B45264744 /* Pods_GiveHub.framework in Frameworks */,
			);
			runOnlyForDeploymentPostprocessing = 0;
		};
/* End PBXFrameworksBuildPhase section */

/* Begin PBXGroup section */
		196AA09C1DF1028300B2FE6E = {
			isa = PBXGroup;
			children = (
				196AA0A71DF1028300B2FE6E /* GiveHub */,
				196AA0A61DF1028300B2FE6E /* Products */,
				CD4B984582418B6C2B9065B0 /* Pods */,
				CE67B816EB5F9EE34E11C785 /* Frameworks */,
			);
			sourceTree = "<group>";
		};
		196AA0A61DF1028300B2FE6E /* Products */ = {
			isa = PBXGroup;
			children = (
				196AA0A51DF1028300B2FE6E /* GiveHub.app */,
			);
			name = Products;
			sourceTree = "<group>";
		};
		196AA0A71DF1028300B2FE6E /* GiveHub */ = {
			isa = PBXGroup;
			children = (
				196AA0BF1DF1055300B2FE6E /* Utilities */,
				196AA0BC1DF1053700B2FE6E /* Model */,
				196AA0BE1DF1054A00B2FE6E /* Controller */,
				196AA0BD1DF1054200B2FE6E /* View */,
				196AA0A81DF1028300B2FE6E /* AppDelegate.swift */,
				196AA0AC1DF1028400B2FE6E /* Main.storyboard */,
				196AA0AF1DF1028400B2FE6E /* Assets.xcassets */,
				196AA0B11DF1028400B2FE6E /* LaunchScreen.storyboard */,
				196AA0B41DF1028400B2FE6E /* Info.plist */,
				196AA0BA1DF1030700B2FE6E /* GoogleService-Info.plist */,
			);
			path = GiveHub;
			sourceTree = "<group>";
		};
		196AA0BC1DF1053700B2FE6E /* Model */ = {
			isa = PBXGroup;
			children = (
			);
			name = Model;
			sourceTree = "<group>";
		};
		196AA0BD1DF1054200B2FE6E /* View */ = {
			isa = PBXGroup;
			children = (
				196AA0C01DF10D7800B2FE6E /* RoundedCornersAndShadow.swift */,
				196AA0C61DF11A7B00B2FE6E /* FancyField.swift */,
				196AA0CC1DF19D0E00B2FE6E /* OpportunitiesTable.swift */,
			);
			name = View;
			sourceTree = "<group>";
		};
		196AA0BE1DF1054A00B2FE6E /* Controller */ = {
			isa = PBXGroup;
			children = (
				196AA0AA1DF1028300B2FE6E /* SignInVC.swift */,
				196AA0C41DF1143200B2FE6E /* InterestsVC.swift */,
				196AA0C81DF1306200B2FE6E /* ParticipationVC.swift */,
				196AA0CA1DF134CB00B2FE6E /* OpportunitiesVC.swift */,
				196AA0CE1DF1A1AF00B2FE6E /* DetailedEventVC.swift */,
				196AA0D01DF1A47800B2FE6E /* ThankYouVC.swift */,
			);
			name = Controller;
			sourceTree = "<group>";
		};
		196AA0BF1DF1055300B2FE6E /* Utilities */ = {
			isa = PBXGroup;
			children = (
				196AA0C21DF10DFD00B2FE6E /* Constants.swift */,
			);
			name = Utilities;
			sourceTree = "<group>";
		};
		CD4B984582418B6C2B9065B0 /* Pods */ = {
			isa = PBXGroup;
			children = (
				1806C416DCEA9DBF6E1D99AE /* Pods-GiveHub.debug.xcconfig */,
				4A1938279695DEA22E0D017D /* Pods-GiveHub.release.xcconfig */,
			);
			name = Pods;
			sourceTree = "<group>";
		};
		CE67B816EB5F9EE34E11C785 /* Frameworks */ = {
			isa = PBXGroup;
			children = (
				28870C26FCA03EC507B472B4 /* Pods_GiveHub.framework */,
			);
			name = Frameworks;
			sourceTree = "<group>";
		};
/* End PBXGroup section */

/* Begin PBXNativeTarget section */
		196AA0A41DF1028300B2FE6E /* GiveHub */ = {
			isa = PBXNativeTarget;
			buildConfigurationList = 196AA0B71DF1028400B2FE6E /* Build configuration list for PBXNativeTarget "GiveHub" */;
			buildPhases = (
				615555CD553E43A7F8DED04A /* [CP] Check Pods Manifest.lock */,
				196AA0A11DF1028300B2FE6E /* Sources */,
				196AA0A21DF1028300B2FE6E /* Frameworks */,
				196AA0A31DF1028300B2FE6E /* Resources */,
				47C84D0081CDE001D3859898 /* [CP] Embed Pods Frameworks */,
				ECD6395809DE113C3103ABA4 /* [CP] Copy Pods Resources */,
			);
			buildRules = (
			);
			dependencies = (
			);
			name = GiveHub;
			productName = GiveHub;
			productReference = 196AA0A51DF1028300B2FE6E /* GiveHub.app */;
			productType = "com.apple.product-type.application";
		};
/* End PBXNativeTarget section */

/* Begin PBXProject section */
		196AA09D1DF1028300B2FE6E /* Project object */ = {
			isa = PBXProject;
			attributes = {
				LastSwiftUpdateCheck = 0810;
				LastUpgradeCheck = 0810;
				ORGANIZATIONNAME = "Steven Graf";
				TargetAttributes = {
					196AA0A41DF1028300B2FE6E = {
						CreatedOnToolsVersion = 8.1;
						DevelopmentTeam = T4B85P4F7X;
						ProvisioningStyle = Automatic;
					};
				};
			};
			buildConfigurationList = 196AA0A01DF1028300B2FE6E /* Build configuration list for PBXProject "GiveHub" */;
			compatibilityVersion = "Xcode 3.2";
			developmentRegion = English;
			hasScannedForEncodings = 0;
			knownRegions = (
				en,
				Base,
			);
			mainGroup = 196AA09C1DF1028300B2FE6E;
			productRefGroup = 196AA0A61DF1028300B2FE6E /* Products */;
			projectDirPath = "";
			projectRoot = "";
			targets = (
				196AA0A41DF1028300B2FE6E /* GiveHub */,
			);
		};
/* End PBXProject section */

/* Begin PBXResourcesBuildPhase section */
		196AA0A31DF1028300B2FE6E /* Resources */ = {
			isa = PBXResourcesBuildPhase;
			buildActionMask = 2147483647;
			files = (
				196AA0B31DF1028400B2FE6E /* LaunchScreen.storyboard in Resources */,
				196AA0B01DF1028400B2FE6E /* Assets.xcassets in Resources */,
				196AA0BB1DF1030700B2FE6E /* GoogleService-Info.plist in Resources */,
				196AA0AE1DF1028400B2FE6E /* Main.storyboard in Resources */,
			);
			runOnlyForDeploymentPostprocessing = 0;
		};
/* End PBXResourcesBuildPhase section */

/* Begin PBXShellScriptBuildPhase section */
		47C84D0081CDE001D3859898 /* [CP] Embed Pods Frameworks */ = {
			isa = PBXShellScriptBuildPhase;
			buildActionMask = 2147483647;
			files = (
			);
			inputPaths = (
			);
			name = "[CP] Embed Pods Frameworks";
			outputPaths = (
			);
			runOnlyForDeploymentPostprocessing = 0;
			shellPath = /bin/sh;
			shellScript = "\"${SRCROOT}/Pods/Target Support Files/Pods-GiveHub/Pods-GiveHub-frameworks.sh\"\n";
			showEnvVarsInLog = 0;
		};
		615555CD553E43A7F8DED04A /* [CP] Check Pods Manifest.lock */ = {
			isa = PBXShellScriptBuildPhase;
			buildActionMask = 2147483647;
			files = (
			);
			inputPaths = (
			);
			name = "[CP] Check Pods Manifest.lock";
			outputPaths = (
			);
			runOnlyForDeploymentPostprocessing = 0;
			shellPath = /bin/sh;
			shellScript = "diff \"${PODS_ROOT}/../Podfile.lock\" \"${PODS_ROOT}/Manifest.lock\" > /dev/null\nif [ $? != 0 ] ; then\n    # print error to STDERR\n    echo \"error: The sandbox is not in sync with the Podfile.lock. Run 'pod install' or update your CocoaPods installation.\" >&2\n    exit 1\nfi\n";
			showEnvVarsInLog = 0;
		};
		ECD6395809DE113C3103ABA4 /* [CP] Copy Pods Resources */ = {
			isa = PBXShellScriptBuildPhase;
			buildActionMask = 2147483647;
			files = (
			);
			inputPaths = (
			);
			name = "[CP] Copy Pods Resources";
			outputPaths = (
			);
			runOnlyForDeploymentPostprocessing = 0;
			shellPath = /bin/sh;
			shellScript = "\"${SRCROOT}/Pods/Target Support Files/Pods-GiveHub/Pods-GiveHub-resources.sh\"\n";
			showEnvVarsInLog = 0;
		};
/* End PBXShellScriptBuildPhase section */

/* Begin PBXSourcesBuildPhase section */
		196AA0A11DF1028300B2FE6E /* Sources */ = {
			isa = PBXSourcesBuildPhase;
			buildActionMask = 2147483647;
			files = (
				196AA0D11DF1A47800B2FE6E /* ThankYouVC.swift in Sources */,
				196AA0C71DF11A7B00B2FE6E /* FancyField.swift in Sources */,
				196AA0C11DF10D7800B2FE6E /* RoundedCornersAndShadow.swift in Sources */,
				196AA0C51DF1143200B2FE6E /* InterestsVC.swift in Sources */,
				196AA0C91DF1306200B2FE6E /* ParticipationVC.swift in Sources */,
				196AA0CD1DF19D0E00B2FE6E /* OpportunitiesTable.swift in Sources */,
				196AA0AB1DF1028300B2FE6E /* SignInVC.swift in Sources */,
				196AA0A91DF1028300B2FE6E /* AppDelegate.swift in Sources */,
				196AA0CF1DF1A1AF00B2FE6E /* DetailedEventVC.swift in Sources */,
				196AA0CB1DF134CB00B2FE6E /* OpportunitiesVC.swift in Sources */,
				196AA0C31DF10DFD00B2FE6E /* Constants.swift in Sources */,
			);
			runOnlyForDeploymentPostprocessing = 0;
		};
/* End PBXSourcesBuildPhase section */

/* Begin PBXVariantGroup section */
		196AA0AC1DF1028400B2FE6E /* Main.storyboard */ = {
			isa = PBXVariantGroup;
			children = (
				196AA0AD1DF1028400B2FE6E /* Base */,
			);
			name = Main.storyboard;
			sourceTree = "<group>";
		};
		196AA0B11DF1028400B2FE6E /* LaunchScreen.storyboard */ = {
			isa = PBXVariantGroup;
			children = (
				196AA0B21DF1028400B2FE6E /* Base */,
			);
			name = LaunchScreen.storyboard;
			sourceTree = "<group>";
		};
/* End PBXVariantGroup section */

/* Begin XCBuildConfiguration section */
		196AA0B51DF1028400B2FE6E /* Debug */ = {
			isa = XCBuildConfiguration;
			buildSettings = {
				ALWAYS_SEARCH_USER_PATHS = NO;
				CLANG_ANALYZER_NONNULL = YES;
				CLANG_CXX_LANGUAGE_STANDARD = "gnu++0x";
				CLANG_CXX_LIBRARY = "libc++";
				CLANG_ENABLE_MODULES = YES;
				CLANG_ENABLE_OBJC_ARC = YES;
				CLANG_WARN_BOOL_CONVERSION = YES;
				CLANG_WARN_CONSTANT_CONVERSION = YES;
				CLANG_WARN_DIRECT_OBJC_ISA_USAGE = YES_ERROR;
				CLANG_WARN_DOCUMENTATION_COMMENTS = YES;
				CLANG_WARN_EMPTY_BODY = YES;
				CLANG_WARN_ENUM_CONVERSION = YES;
				CLANG_WARN_INFINITE_RECURSION = YES;
				CLANG_WARN_INT_CONVERSION = YES;
				CLANG_WARN_OBJC_ROOT_CLASS = YES_ERROR;
				CLANG_WARN_SUSPICIOUS_MOVES = YES;
				CLANG_WARN_UNREACHABLE_CODE = YES;
				CLANG_WARN__DUPLICATE_METHOD_MATCH = YES;
				"CODE_SIGN_IDENTITY[sdk=iphoneos*]" = "iPhone Developer";
				COPY_PHASE_STRIP = NO;
				DEBUG_INFORMATION_FORMAT = dwarf;
				ENABLE_STRICT_OBJC_MSGSEND = YES;
				ENABLE_TESTABILITY = YES;
				GCC_C_LANGUAGE_STANDARD = gnu99;
				GCC_DYNAMIC_NO_PIC = NO;
				GCC_NO_COMMON_BLOCKS = YES;
				GCC_OPTIMIZATION_LEVEL = 0;
				GCC_PREPROCESSOR_DEFINITIONS = (
					"DEBUG=1",
					"$(inherited)",
				);
				GCC_WARN_64_TO_32_BIT_CONVERSION = YES;
				GCC_WARN_ABOUT_RETURN_TYPE = YES_ERROR;
				GCC_WARN_UNDECLARED_SELECTOR = YES;
				GCC_WARN_UNINITIALIZED_AUTOS = YES_AGGRESSIVE;
				GCC_WARN_UNUSED_FUNCTION = YES;
				GCC_WARN_UNUSED_VARIABLE = YES;
				IPHONEOS_DEPLOYMENT_TARGET = 10.1;
				MTL_ENABLE_DEBUG_INFO = YES;
				ONLY_ACTIVE_ARCH = YES;
				SDKROOT = iphoneos;
				SWIFT_ACTIVE_COMPILATION_CONDITIONS = DEBUG;
				SWIFT_OPTIMIZATION_LEVEL = "-Onone";
				TARGETED_DEVICE_FAMILY = "1,2";
			};
			name = Debug;
		};
		196AA0B61DF1028400B2FE6E /* Release */ = {
			isa = XCBuildConfiguration;
			buildSettings = {
				ALWAYS_SEARCH_USER_PATHS = NO;
				CLANG_ANALYZER_NONNULL = YES;
				CLANG_CXX_LANGUAGE_STANDARD = "gnu++0x";
				CLANG_CXX_LIBRARY = "libc++";
				CLANG_ENABLE_MODULES = YES;
				CLANG_ENABLE_OBJC_ARC = YES;
				CLANG_WARN_BOOL_CONVERSION = YES;
				CLANG_WARN_CONSTANT_CONVERSION = YES;
				CLANG_WARN_DIRECT_OBJC_ISA_USAGE = YES_ERROR;
				CLANG_WARN_DOCUMENTATION_COMMENTS = YES;
				CLANG_WARN_EMPTY_BODY = YES;
				CLANG_WARN_ENUM_CONVERSION = YES;
				CLANG_WARN_INFINITE_RECURSION = YES;
				CLANG_WARN_INT_CONVERSION = YES;
				CLANG_WARN_OBJC_ROOT_CLASS = YES_ERROR;
				CLANG_WARN_SUSPICIOUS_MOVES = YES;
				CLANG_WARN_UNREACHABLE_CODE = YES;
				CLANG_WARN__DUPLICATE_METHOD_MATCH = YES;
				"CODE_SIGN_IDENTITY[sdk=iphoneos*]" = "iPhone Developer";
				COPY_PHASE_STRIP = NO;
				DEBUG_INFORMATION_FORMAT = "dwarf-with-dsym";
				ENABLE_NS_ASSERTIONS = NO;
				ENABLE_STRICT_OBJC_MSGSEND = YES;
				GCC_C_LANGUAGE_STANDARD = gnu99;
				GCC_NO_COMMON_BLOCKS = YES;
				GCC_WARN_64_TO_32_BIT_CONVERSION = YES;
				GCC_WARN_ABOUT_RETURN_TYPE = YES_ERROR;
				GCC_WARN_UNDECLARED_SELECTOR = YES;
				GCC_WARN_UNINITIALIZED_AUTOS = YES_AGGRESSIVE;
				GCC_WARN_UNUSED_FUNCTION = YES;
				GCC_WARN_UNUSED_VARIABLE = YES;
				IPHONEOS_DEPLOYMENT_TARGET = 10.1;
				MTL_ENABLE_DEBUG_INFO = NO;
				SDKROOT = iphoneos;
				SWIFT_OPTIMIZATION_LEVEL = "-Owholemodule";
				TARGETED_DEVICE_FAMILY = "1,2";
				VALIDATE_PRODUCT = YES;
			};
			name = Release;
		};
		196AA0B81DF1028400B2FE6E /* Debug */ = {
			isa = XCBuildConfiguration;
			baseConfigurationReference = 1806C416DCEA9DBF6E1D99AE /* Pods-GiveHub.debug.xcconfig */;
			buildSettings = {
				ASSETCATALOG_COMPILER_APPICON_NAME = AppIcon;
				DEVELOPMENT_TEAM = T4B85P4F7X;
				INFOPLIST_FILE = GiveHub/Info.plist;
				LD_RUNPATH_SEARCH_PATHS = "$(inherited) @executable_path/Frameworks";
				PRODUCT_BUNDLE_IDENTIFIER = com.stevengraf.GiveHub;
				PRODUCT_NAME = "$(TARGET_NAME)";
				SWIFT_VERSION = 3.0;
			};
			name = Debug;
		};
		196AA0B91DF1028400B2FE6E /* Release */ = {
			isa = XCBuildConfiguration;
			baseConfigurationReference = 4A1938279695DEA22E0D017D /* Pods-GiveHub.release.xcconfig */;
			buildSettings = {
				ASSETCATALOG_COMPILER_APPICON_NAME = AppIcon;
				DEVELOPMENT_TEAM = T4B85P4F7X;
				INFOPLIST_FILE = GiveHub/Info.plist;
				LD_RUNPATH_SEARCH_PATHS = "$(inherited) @executable_path/Frameworks";
				PRODUCT_BUNDLE_IDENTIFIER = com.stevengraf.GiveHub;
				PRODUCT_NAME = "$(TARGET_NAME)";
				SWIFT_VERSION = 3.0;
			};
			name = Release;
		};
/* End XCBuildConfiguration section */

/* Begin XCConfigurationList section */
		196AA0A01DF1028300B2FE6E /* Build configuration list for PBXProject "GiveHub" */ = {
			isa = XCConfigurationList;
			buildConfigurations = (
				196AA0B51DF1028400B2FE6E /* Debug */,
				196AA0B61DF1028400B2FE6E /* Release */,
			);
			defaultConfigurationIsVisible = 0;
			defaultConfigurationName = Release;
		};
		196AA0B71DF1028400B2FE6E /* Build configuration list for PBXNativeTarget "GiveHub" */ = {
			isa = XCConfigurationList;
			buildConfigurations = (
				196AA0B81DF1028400B2FE6E /* Debug */,
				196AA0B91DF1028400B2FE6E /* Release */,
			);
			defaultConfigurationIsVisible = 0;
			defaultConfigurationName = Release;
		};
/* End XCConfigurationList section */
	};
	rootObject = 196AA09D1DF1028300B2FE6E /* Project object */;
}
